
Microsoft Visual Studio Solution File, Format Version 12.00
# Visual Studio Version 18
VisualStudioVersion = 18.6.11806.211 stable
MinimumVisualStudioVersion = 10.0.40219.1
Project("{FAE04EC0-301F-11D3-BF4B-00C04F79EFBC}") = "RSA_DigitalSignature", "RSA_DigitalSignature.csproj", "{F9D94DDE-9552-76B2-C13F-BCF5A5C29973}"
EndProject
Global
	GlobalSection(SolutionConfigurationPlatforms) = preSolution
		Debug|Any CPU = Debug|Any CPU
		Release|Any CPU = Release|Any CPU
	EndGlobalSection
	GlobalSection(ProjectConfigurationPlatforms) = postSolution
		{F9D94DDE-9552-76B2-C13F-BCF5A5C29973}.Debug|Any CPU.ActiveCfg = Debug|Any CPU
		{F9D94DDE-9552-76B2-C13F-BCF5A5C29973}.Debug|Any CPU.Build.0 = Debug|Any CPU
		{F9D94DDE-9552-76B2-C13F-BCF5A5C29973}.Release|Any CPU.ActiveCfg = Release|Any CPU
		{F9D94DDE-9552-76B2-C13F-BCF5A5C29973}.Release|Any CPU.Build.0 = Release|Any CPU
	EndGlobalSection
	GlobalSection(SolutionProperties) = preSolution
		HideSolutionNode = FALSE
	EndGlobalSection
	GlobalSection(ExtensibilityGlobals) = postSolution
		SolutionGuid = {3D5C29AD-95A9-4044-B176-506225344F73}
	EndGlobalSection
EndGlobal
